// !$*UTF8*$!
{
	archiveVersion = 1;
	classes = {
	};
	objectVersion = 77;
	objects = {

/* Begin PBXContainerItemProxy section */
		86A054C22CBD974000E2CDD1 /* PBXContainerItemProxy */ = {
			isa = PBXContainerItemProxy;
			containerPortal = 86A054A92CBD973F00E2CDD1 /* Project object */;
			proxyType = 1;
			remoteGlobalIDString = 86A054B02CBD973F00E2CDD1;
			remoteInfo = "CupCake Corner";
		};
		86A054CC2CBD974000E2CDD1 /* PBXContainerItemProxy */ = {
			isa = PBXContainerItemProxy;
			containerPortal = 86A054A92CBD973F00E2CDD1 /* Project object */;
			proxyType = 1;
			remoteGlobalIDString = 86A054B02CBD973F00E2CDD1;
			remoteInfo = "CupCake Corner";
		};
/* End PBXContainerItemProxy section */

/* Begin PBXFileReference section */
		86A054B12CBD973F00E2CDD1 /* CupCake Corner.app */ = {isa = PBXFileReference; explicitFileType = wrapper.application; includeInIndex = 0; path = "CupCake Corner.app"; sourceTree = BUILT_PRODUCTS_DIR; };
		86A054C12CBD974000E2CDD1 /* CupCake CornerTests.xctest */ = {isa = PBXFileReference; explicitFileType = wrapper.cfbundle; includeInIndex = 0; path = "CupCake CornerTests.xctest"; sourceTree = BUILT_PRODUCTS_DIR; };
		86A054CB2CBD974000E2CDD1 /* CupCake CornerUITests.xctest */ = {isa = PBXFileReference; explicitFileType = wrapper.cfbundle; includeInIndex = 0; path = "CupCake CornerUITests.xctest"; sourceTree = BUILT_PRODUCTS_DIR; };
/* End PBXFileReference section */

/* Begin PBXFileSystemSynchronizedRootGroup section */
		86A054B32CBD973F00E2CDD1 /* CupCake Corner */ = {
			isa = PBXFileSystemSynchronizedRootGroup;
			path = "CupCake Corner";
			sourceTree = "<group>";
		};
		86A054C42CBD974000E2CDD1 /* CupCake CornerTests */ = {
			isa = PBXFileSystemSynchronizedRootGroup;
			path = "CupCake CornerTests";
			sourceTree = "<group>";
		};
		86A054CE2CBD974000E2CDD1 /* CupCake CornerUITests */ = {
			isa = PBXFileSystemSynchronizedRootGroup;
			path = "CupCake CornerUITests";
			sourceTree = "<group>";
		};
/* End PBXFileSystemSynchronizedRootGroup section */

/* Begin PBXFrameworksBuildPhase section */
		86A054AE2CBD973F00E2CDD1 /* Frameworks */ = {
			isa = PBXFrameworksBuildPhase;
			buildActionMask = 2147483647;
			files = (
			);
			runOnlyForDeploymentPostprocessing = 0;
		};
		86A054BE2CBD974000E2CDD1 /* Frameworks */ = {
			isa = PBXFrameworksBuildPhase;
			buildActionMask = 2147483647;
			files = (
			);
			runOnlyForDeploymentPostprocessing = 0;
		};
		86A054C82CBD974000E2CDD1 /* Frameworks */ = {
			isa = PBXFrameworksBuildPhase;
			buildActionMask = 2147483647;
			files = (
			);
			runOnlyForDeploymentPostprocessing = 0;
		};
/* End PBXFrameworksBuildPhase section */

/* Begin PBXGroup section */
		86A054A82CBD973F00E2CDD1 = {
			isa = PBXGroup;
			children = (
				86A054B32CBD973F00E2CDD1 /* CupCake Corner */,
				86A054C42CBD974000E2CDD1 /* CupCake CornerTests */,
				86A054CE2CBD974000E2CDD1 /* CupCake CornerUITests */,
				86A054B22CBD973F00E2CDD1 /* Products */,
			);
			sourceTree = "<group>";
		};
		86A054B22CBD973F00E2CDD1 /* Products */ = {
			isa = PBXGroup;
			children = (
				86A054B12CBD973F00E2CDD1 /* CupCake Corner.app */,
				86A054C12CBD974000E2CDD1 /* CupCake CornerTests.xctest */,
				86A054CB2CBD974000E2CDD1 /* CupCake CornerUITests.xctest */,
			);
			name = Products;
			sourceTree = "<group>";
		};
/* End PBXGroup section */

/* Begin PBXNativeTarget section */
		86A054B02CBD973F00E2CDD1 /* CupCake Corner */ = {
			isa = PBXNativeTarget;
			buildConfigurationList = 86A054D52CBD974000E2CDD1 /* Build configuration list for PBXNativeTarget "CupCake Corner" */;
			buildPhases = (
				86A054AD2CBD973F00E2CDD1 /* Sources */,
				86A054AE2CBD973F00E2CDD1 /* Frameworks */,
				86A054AF2CBD973F00E2CDD1 /* Resources */,
			);
			buildRules = (
			);
			dependencies = (
			);
			fileSystemSynchronizedGroups = (
				86A054B32CBD973F00E2CDD1 /* CupCake Corner */,
			);
			name = "CupCake Corner";
			packageProductDependencies = (
			);
			productName = "CupCake Corner";
			productReference = 86A054B12CBD973F00E2CDD1 /* CupCake Corner.app */;
			productType = "com.apple.product-type.application";
		};
		86A054C02CBD974000E2CDD1 /* CupCake CornerTests */ = {
			isa = PBXNativeTarget;
			buildConfigurationList = 86A054D82CBD974000E2CDD1 /* Build configuration list for PBXNativeTarget "CupCake CornerTests" */;
			buildPhases = (
				86A054BD2CBD974000E2CDD1 /* Sources */,
				86A054BE2CBD974000E2CDD1 /* Frameworks */,
				86A054BF2CBD974000E2CDD1 /* Resources */,
			);
			buildRules = (
			);
			dependencies = (
				86A054C32CBD974000E2CDD1 /* PBXTargetDependency */,
			);
			fileSystemSynchronizedGroups = (
				86A054C42CBD974000E2CDD1 /* CupCake CornerTests */,
			);
			name = "CupCake CornerTests";
			packageProductDependencies = (
			);
			productName = "CupCake CornerTests";
			productReference = 86A054C12CBD974000E2CDD1 /* CupCake CornerTests.xctest */;
			productType = "com.apple.product-type.bundle.unit-test";
		};
		86A054CA2CBD974000E2CDD1 /* CupCake CornerUITests */ = {
			isa = PBXNativeTarget;
			buildConfigurationList = 86A054DB2CBD974000E2CDD1 /* Build configuration list for PBXNativeTarget "CupCake CornerUITests" */;
			buildPhases = (
				86A054C72CBD974000E2CDD1 /* Sources */,
				86A054C82CBD974000E2CDD1 /* Frameworks */,
				86A054C92CBD974000E2CDD1 /* Resources */,
			);
			buildRules = (
			);
			dependencies = (
				86A054CD2CBD974000E2CDD1 /* PBXTargetDependency */,
			);
			fileSystemSynchronizedGroups = (
				86A054CE2CBD974000E2CDD1 /* CupCake CornerUITests */,
			);
			name = "CupCake CornerUITests";
			packageProductDependencies = (
			);
			productName = "CupCake CornerUITests";
			productReference = 86A054CB2CBD974000E2CDD1 /* CupCake CornerUITests.xctest */;
			productType = "com.apple.product-type.bundle.ui-testing";
		};
/* End PBXNativeTarget section */

/* Begin PBXProject section */
		86A054A92CBD973F00E2CDD1 /* Project object */ = {
			isa = PBXProject;
			attributes = {
				BuildIndependentTargetsInParallel = 1;
				LastSwiftUpdateCheck = 1600;
				LastUpgradeCheck = 1600;
				TargetAttributes = {
					86A054B02CBD973F00E2CDD1 = {
						CreatedOnToolsVersion = 16.0;
					};
					86A054C02CBD974000E2CDD1 = {
						CreatedOnToolsVersion = 16.0;
						TestTargetID = 86A054B02CBD973F00E2CDD1;
					};
					86A054CA2CBD974000E2CDD1 = {
						CreatedOnToolsVersion = 16.0;
						TestTargetID = 86A054B02CBD973F00E2CDD1;
					};
				};
			};
			buildConfigurationList = 86A054AC2CBD973F00E2CDD1 /* Build configuration list for PBXProject "CupCake Corner" */;
			developmentRegion = en;
			hasScannedForEncodings = 0;
			knownRegions = (
				en,
				Base,
			);
			mainGroup = 86A054A82CBD973F00E2CDD1;
			minimizedProjectReferenceProxies = 1;
			preferredProjectObjectVersion = 77;
			productRefGroup = 86A054B22CBD973F00E2CDD1 /* Products */;
			projectDirPath = "";
			projectRoot = "";
			targets = (
				86A054B02CBD973F00E2CDD1 /* CupCake Corner */,
				86A054C02CBD974000E2CDD1 /* CupCake CornerTests */,
				86A054CA2CBD974000E2CDD1 /* CupCake CornerUITests */,
			);
		};
/* End PBXProject section */

/* Begin PBXResourcesBuildPhase section */
		86A054AF2CBD973F00E2CDD1 /* Resources */ = {
			isa = PBXResourcesBuildPhase;
			buildActionMask = 2147483647;
			files = (
			);
			runOnlyForDeploymentPostprocessing = 0;
		};
		86A054BF2CBD974000E2CDD1 /* Resources */ = {
			isa = PBXResourcesBuildPhase;
			buildActionMask = 2147483647;
			files = (
			);
			runOnlyForDeploymentPostprocessing = 0;
		};
		86A054C92CBD974000E2CDD1 /* Resources */ = {
			isa = PBXResourcesBuildPhase;
			buildActionMask = 2147483647;
			files = (
			);
			runOnlyForDeploymentPostprocessing = 0;
		};
/* End PBXResourcesBuildPhase section */

/* Begin PBXSourcesBuildPhase section */
		86A054AD2CBD973F00E2CDD1 /* Sources */ = {
			isa = PBXSourcesBuildPhase;
			buildActionMask = 2147483647;
			files = (
			);
			runOnlyForDeploymentPostprocessing = 0;
		};
		86A054BD2CBD974000E2CDD1 /* Sources */ = {
			isa = PBXSourcesBuildPhase;
			buildActionMask = 2147483647;
			files = (
			);
			runOnlyForDeploymentPostprocessing = 0;
		};
		86A054C72CBD974000E2CDD1 /* Sources */ = {
			isa = PBXSourcesBuildPhase;
			buildActionMask = 2147483647;
			files = (
			);
			runOnlyForDeploymentPostprocessing = 0;
		};
/* End PBXSourcesBuildPhase section */

/* Begin PBXTargetDependency section */
		86A054C32CBD974000E2CDD1 /* PBXTargetDependency */ = {
			isa = PBXTargetDependency;
			target = 86A054B02CBD973F00E2CDD1 /* CupCake Corner */;
			targetProxy = 86A054C22CBD974000E2CDD1 /* PBXContainerItemProxy */;
		};
		86A054CD2CBD974000E2CDD1 /* PBXTargetDependency */ = {
			isa = PBXTargetDependency;
			target = 86A054B02CBD973F00E2CDD1 /* CupCake Corner */;
			targetProxy = 86A054CC2CBD974000E2CDD1 /* PBXContainerItemProxy */;
		};
/* End PBXTargetDependency section */

/* Begin XCBuildConfiguration section */
		86A054D32CBD974000E2CDD1 /* Debug */ = {
			isa = XCBuildConfiguration;
			buildSettings = {
				ALWAYS_SEARCH_USER_PATHS = NO;
				ASSETCATALOG_COMPILER_GENERATE_SWIFT_ASSET_SYMBOL_EXTENSIONS = YES;
				CLANG_ANALYZER_NONNULL = YES;
				CLANG_ANALYZER_NUMBER_OBJECT_CONVERSION = YES_AGGRESSIVE;
				CLANG_CXX_LANGUAGE_STANDARD = "gnu++20";
				CLANG_ENABLE_MODULES = YES;
				CLANG_ENABLE_OBJC_ARC = YES;
				CLANG_ENABLE_OBJC_WEAK = YES;
				CLANG_WARN_BLOCK_CAPTURE_AUTORELEASING = YES;
				CLANG_WARN_BOOL_CONVERSION = YES;
				CLANG_WARN_COMMA = YES;
				CLANG_WARN_CONSTANT_CONVERSION = YES;
				CLANG_WARN_DEPRECATED_OBJC_IMPLEMENTATIONS = YES;
				CLANG_WARN_DIRECT_OBJC_ISA_USAGE = YES_ERROR;
				CLANG_WARN_DOCUMENTATION_COMMENTS = YES;
				CLANG_WARN_EMPTY_BODY = YES;
				CLANG_WARN_ENUM_CONVERSION = YES;
				CLANG_WARN_INFINITE_RECURSION = YES;
				CLANG_WARN_INT_CONVERSION = YES;
				CLANG_WARN_NON_LITERAL_NULL_CONVERSION = YES;
				CLANG_WARN_OBJC_IMPLICIT_RETAIN_SELF = YES;
				CLANG_WARN_OBJC_LITERAL_CONVERSION = YES;
				CLANG_WARN_OBJC_ROOT_CLASS = YES_ERROR;
				CLANG_WARN_QUOTED_INCLUDE_IN_FRAMEWORK_HEADER = YES;
				CLANG_WARN_RANGE_LOOP_ANALYSIS = YES;
				CLANG_WARN_STRICT_PROTOTYPES = YES;
				CLANG_WARN_SUSPICIOUS_MOVE = YES;
				CLANG_WARN_UNGUARDED_AVAILABILITY = YES_AGGRESSIVE;
				CLANG_WARN_UNREACHABLE_CODE = YES;
				CLANG_WARN__DUPLICATE_METHOD_MATCH = YES;
				COPY_PHASE_STRIP = NO;
				DEBUG_INFORMATION_FORMAT = dwarf;
				ENABLE_STRICT_OBJC_MSGSEND = YES;
				ENABLE_TESTABILITY = YES;
				ENABLE_USER_SCRIPT_SANDBOXING = YES;
				GCC_C_LANGUAGE_STANDARD = gnu17;
				GCC_DYNAMIC_NO_PIC = NO;
				GCC_NO_COMMON_BLOCKS = YES;
				GCC_OPTIMIZATION_LEVEL = 0;
				GCC_PREPROCESSOR_DEFINITIONS = (
					"DEBUG=1",
					"$(inherited)",
				);
				GCC_WARN_64_TO_32_BIT_CONVERSION = YES;
				GCC_WARN_ABOUT_RETURN_TYPE = YES_ERROR;
				GCC_WARN_UNDECLARED_SELECTOR = YES;
				GCC_WARN_UNINITIALIZED_AUTOS = YES_AGGRESSIVE;
				GCC_WARN_UNUSED_FUNCTION = YES;
				GCC_WARN_UNUSED_VARIABLE = YES;
				IPHONEOS_DEPLOYMENT_TARGET = 18.0;
				LOCALIZATION_PREFERS_STRING_CATALOGS = YES;
				MTL_ENABLE_DEBUG_INFO = INCLUDE_SOURCE;
				MTL_FAST_MATH = YES;
				ONLY_ACTIVE_ARCH = YES;
				SDKROOT = iphoneos;
				SWIFT_ACTIVE_COMPILATION_CONDITIONS = "DEBUG $(inherited)";
				SWIFT_OPTIMIZATION_LEVEL = "-Onone";
			};
			name = Debug;
		};
		86A054D42CBD974000E2CDD1 /* Release */ = {
			isa = XCBuildConfiguration;
			buildSettings = {
				ALWAYS_SEARCH_USER_PATHS = NO;
				ASSETCATALOG_COMPILER_GENERATE_SWIFT_ASSET_SYMBOL_EXTENSIONS = YES;
				CLANG_ANALYZER_NONNULL = YES;
				CLANG_ANALYZER_NUMBER_OBJECT_CONVERSION = YES_AGGRESSIVE;
				CLANG_CXX_LANGUAGE_STANDARD = "gnu++20";
				CLANG_ENABLE_MODULES = YES;
				CLANG_ENABLE_OBJC_ARC = YES;
				CLANG_ENABLE_OBJC_WEAK = YES;
				CLANG_WARN_BLOCK_CAPTURE_AUTORELEASING = YES;
				CLANG_WARN_BOOL_CONVERSION = YES;
				CLANG_WARN_COMMA = YES;
				CLANG_WARN_CONSTANT_CONVERSION = YES;
				CLANG_WARN_DEPRECATED_OBJC_IMPLEMENTATIONS = YES;
				CLANG_WARN_DIRECT_OBJC_ISA_USAGE = YES_ERROR;
				CLANG_WARN_DOCUMENTATION_COMMENTS = YES;
				CLANG_WARN_EMPTY_BODY = YES;
				CLANG_WARN_ENUM_CONVERSION = YES;
				CLANG_WARN_INFINITE_RECURSION = YES;
				CLANG_WARN_INT_CONVERSION = YES;
				CLANG_WARN_NON_LITERAL_NULL_CONVERSION = YES;
				CLANG_WARN_OBJC_IMPLICIT_RETAIN_SELF = YES;
				CLANG_WARN_OBJC_LITERAL_CONVERSION = YES;
				CLANG_WARN_OBJC_ROOT_CLASS = YES_ERROR;
				CLANG_WARN_QUOTED_INCLUDE_IN_FRAMEWORK_HEADER = YES;
				CLANG_WARN_RANGE_LOOP_ANALYSIS = YES;
				CLANG_WARN_STRICT_PROTOTYPES = YES;
				CLANG_WARN_SUSPICIOUS_MOVE = YES;
				CLANG_WARN_UNGUARDED_AVAILABILITY = YES_AGGRESSIVE;
				CLANG_WARN_UNREACHABLE_CODE = YES;
				CLANG_WARN__DUPLICATE_METHOD_MATCH = YES;
				COPY_PHASE_STRIP = NO;
				DEBUG_INFORMATION_FORMAT = "dwarf-with-dsym";
				ENABLE_NS_ASSERTIONS = NO;
				ENABLE_STRICT_OBJC_MSGSEND = YES;
				ENABLE_USER_SCRIPT_SANDBOXING = YES;
				GCC_C_LANGUAGE_STANDARD = gnu17;
				GCC_NO_COMMON_BLOCKS = YES;
				GCC_WARN_64_TO_32_BIT_CONVERSION = YES;
				GCC_WARN_ABOUT_RETURN_TYPE = YES_ERROR;
				GCC_WARN_UNDECLARED_SELECTOR = YES;
				GCC_WARN_UNINITIALIZED_AUTOS = YES_AGGRESSIVE;
				GCC_WARN_UNUSED_FUNCTION = YES;
				GCC_WARN_UNUSED_VARIABLE = YES;
				IPHONEOS_DEPLOYMENT_TARGET = 18.0;
				LOCALIZATION_PREFERS_STRING_CATALOGS = YES;
				MTL_ENABLE_DEBUG_INFO = NO;
				MTL_FAST_MATH = YES;
				SDKROOT = iphoneos;
				SWIFT_COMPILATION_MODE = wholemodule;
				VALIDATE_PRODUCT = YES;
			};
			name = Release;
		};
		86A054D62CBD974000E2CDD1 /* Debug */ = {
			isa = XCBuildConfiguration;
			buildSettings = {
				ASSETCATALOG_COMPILER_APPICON_NAME = AppIcon;
				ASSETCATALOG_COMPILER_GLOBAL_ACCENT_COLOR_NAME = AccentColor;
				CODE_SIGN_STYLE = Automatic;
				CURRENT_PROJECT_VERSION = 1;
				DEVELOPMENT_ASSET_PATHS = "\"CupCake Corner/Preview Content\"";
				ENABLE_PREVIEWS = YES;
				GENERATE_INFOPLIST_FILE = YES;
				INFOPLIST_KEY_UIApplicationSceneManifest_Generation = YES;
				INFOPLIST_KEY_UIApplicationSupportsIndirectInputEvents = YES;
				INFOPLIST_KEY_UILaunchScreen_Generation = YES;
				INFOPLIST_KEY_UISupportedInterfaceOrientations_iPad = "UIInterfaceOrientationPortrait UIInterfaceOrientationPortraitUpsideDown UIInterfaceOrientationLandscapeLeft UIInterfaceOrientationLandscapeRight";
				INFOPLIST_KEY_UISupportedInterfaceOrientations_iPhone = "UIInterfaceOrientationPortrait UIInterfaceOrientationLandscapeLeft UIInterfaceOrientationLandscapeRight";
				LD_RUNPATH_SEARCH_PATHS = (
					"$(inherited)",
					"@executable_path/Frameworks",
				);
				MARKETING_VERSION = 1.0;
				PRODUCT_BUNDLE_IDENTIFIER = "com.mayank.CupCake-Corner";
				PRODUCT_NAME = "$(TARGET_NAME)";
				SWIFT_EMIT_LOC_STRINGS = YES;
				SWIFT_VERSION = 5.0;
				TARGETED_DEVICE_FAMILY = "1,2";
			};
			name = Debug;
		};
		86A054D72CBD974000E2CDD1 /* Release */ = {
			isa = XCBuildConfiguration;
			buildSettings = {
				ASSETCATALOG_COMPILER_APPICON_NAME = AppIcon;
				ASSETCATALOG_COMPILER_GLOBAL_ACCENT_COLOR_NAME = AccentColor;
				CODE_SIGN_STYLE = Automatic;
				CURRENT_PROJECT_VERSION = 1;
				DEVELOPMENT_ASSET_PATHS = "\"CupCake Corner/Preview Content\"";
				ENABLE_PREVIEWS = YES;
				GENERATE_INFOPLIST_FILE = YES;
				INFOPLIST_KEY_UIApplicationSceneManifest_Generation = YES;
				INFOPLIST_KEY_UIApplicationSupportsIndirectInputEvents = YES;
				INFOPLIST_KEY_UILaunchScreen_Generation = YES;
				INFOPLIST_KEY_UISupportedInterfaceOrientations_iPad = "UIInterfaceOrientationPortrait UIInterfaceOrientationPortraitUpsideDown UIInterfaceOrientationLandscapeLeft UIInterfaceOrientationLandscapeRight";
				INFOPLIST_KEY_UISupportedInterfaceOrientations_iPhone = "UIInterfaceOrientationPortrait UIInterfaceOrientationLandscapeLeft UIInterfaceOrientationLandscapeRight";
				LD_RUNPATH_SEARCH_PATHS = (
					"$(inherited)",
					"@executable_path/Frameworks",
				);
				MARKETING_VERSION = 1.0;
				PRODUCT_BUNDLE_IDENTIFIER = "com.mayank.CupCake-Corner";
				PRODUCT_NAME = "$(TARGET_NAME)";
				SWIFT_EMIT_LOC_STRINGS = YES;
				SWIFT_VERSION = 5.0;
				TARGETED_DEVICE_FAMILY = "1,2";
			};
			name = Release;
		};
		86A054D92CBD974000E2CDD1 /* Debug */ = {
			isa = XCBuildConfiguration;
			buildSettings = {
				BUNDLE_LOADER = "$(TEST_HOST)";
				CODE_SIGN_STYLE = Automatic;
				CURRENT_PROJECT_VERSION = 1;
				GENERATE_INFOPLIST_FILE = YES;
				IPHONEOS_DEPLOYMENT_TARGET = 18.0;
				MARKETING_VERSION = 1.0;
				PRODUCT_BUNDLE_IDENTIFIER = "com.mayank.CupCake-CornerTests";
				PRODUCT_NAME = "$(TARGET_NAME)";
				SWIFT_EMIT_LOC_STRINGS = NO;
				SWIFT_VERSION = 5.0;
				TARGETED_DEVICE_FAMILY = "1,2";
				TEST_HOST = "$(BUILT_PRODUCTS_DIR)/CupCake Corner.app/$(BUNDLE_EXECUTABLE_FOLDER_PATH)/CupCake Corner";
			};
			name = Debug;
		};
		86A054DA2CBD974000E2CDD1 /* Release */ = {
			isa = XCBuildConfiguration;
			buildSettings = {
				BUNDLE_LOADER = "$(TEST_HOST)";
				CODE_SIGN_STYLE = Automatic;
				CURRENT_PROJECT_VERSION = 1;
				GENERATE_INFOPLIST_FILE = YES;
				IPHONEOS_DEPLOYMENT_TARGET = 18.0;
				MARKETING_VERSION = 1.0;
				PRODUCT_BUNDLE_IDENTIFIER = "com.mayank.CupCake-CornerTests";
				PRODUCT_NAME = "$(TARGET_NAME)";
				SWIFT_EMIT_LOC_STRINGS = NO;
				SWIFT_VERSION = 5.0;
				TARGETED_DEVICE_FAMILY = "1,2";
				TEST_HOST = "$(BUILT_PRODUCTS_DIR)/CupCake Corner.app/$(BUNDLE_EXECUTABLE_FOLDER_PATH)/CupCake Corner";
			};
			name = Release;
		};
		86A054DC2CBD974000E2CDD1 /* Debug */ = {
			isa = XCBuildConfiguration;
			buildSettings = {
				CODE_SIGN_STYLE = Automatic;
				CURRENT_PROJECT_VERSION = 1;
				GENERATE_INFOPLIST_FILE = YES;
				MARKETING_VERSION = 1.0;
				PRODUCT_BUNDLE_IDENTIFIER = "com.mayank.CupCake-CornerUITests";
				PRODUCT_NAME = "$(TARGET_NAME)";
				SWIFT_EMIT_LOC_STRINGS = NO;
				SWIFT_VERSION = 5.0;
				TARGETED_DEVICE_FAMILY = "1,2";
				TEST_TARGET_NAME = "CupCake Corner";
			};
			name = Debug;
		};
		86A054DD2CBD974000E2CDD1 /* Release */ = {
			isa = XCBuildConfiguration;
			buildSettings = {
				CODE_SIGN_STYLE = Automatic;
				CURRENT_PROJECT_VERSION = 1;
				GENERATE_INFOPLIST_FILE = YES;
				MARKETING_VERSION = 1.0;
				PRODUCT_BUNDLE_IDENTIFIER = "com.mayank.CupCake-CornerUITests";
				PRODUCT_NAME = "$(TARGET_NAME)";
				SWIFT_EMIT_LOC_STRINGS = NO;
				SWIFT_VERSION = 5.0;
				TARGETED_DEVICE_FAMILY = "1,2";
				TEST_TARGET_NAME = "CupCake Corner";
			};
			name = Release;
		};
/* End XCBuildConfiguration section */

/* Begin XCConfigurationList section */
		86A054AC2CBD973F00E2CDD1 /* Build configuration list for PBXProject "CupCake Corner" */ = {
			isa = XCConfigurationList;
			buildConfigurations = (
				86A054D32CBD974000E2CDD1 /* Debug */,
				86A054D42CBD974000E2CDD1 /* Release */,
			);
			defaultConfigurationIsVisible = 0;
			defaultConfigurationName = Release;
		};
		86A054D52CBD974000E2CDD1 /* Build configuration list for PBXNativeTarget "CupCake Corner" */ = {
			isa = XCConfigurationList;
			buildConfigurations = (
				86A054D62CBD974000E2CDD1 /* Debug */,
				86A054D72CBD974000E2CDD1 /* Release */,
			);
			defaultConfigurationIsVisible = 0;
			defaultConfigurationName = Release;
		};
		86A054D82CBD974000E2CDD1 /* Build configuration list for PBXNativeTarget "CupCake CornerTests" */ = {
			isa = XCConfigurationList;
			buildConfigurations = (
				86A054D92CBD974000E2CDD1 /* Debug */,
				86A054DA2CBD974000E2CDD1 /* Release */,
			);
			defaultConfigurationIsVisible = 0;
			defaultConfigurationName = Release;
		};
		86A054DB2CBD974000E2CDD1 /* Build configuration list for PBXNativeTarget "CupCake CornerUITests" */ = {
			isa = XCConfigurationList;
			buildConfigurations = (
				86A054DC2CBD974000E2CDD1 /* Debug */,
				86A054DD2CBD974000E2CDD1 /* Release */,
			);
			defaultConfigurationIsVisible = 0;
			defaultConfigurationName = Release;
		};
/* End XCConfigurationList section */
	};
	rootObject = 86A054A92CBD973F00E2CDD1 /* Project object */;
}
